
Microsoft Visual Studio Solution File, Format Version 12.00
# Visual Studio Version 17
VisualStudioVersion = 17.2.32616.157
MinimumVisualStudioVersion = 10.0.40219.1
Project("{2150E333-8FDC-42A3-9474-1A3956D46DE8}") = "Solution Items", "Solution Items", "{C479EB6D-2874-4E60-BA7D-DFABE3249AC3}"
	ProjectSection(SolutionItems) = preProject
		.editorconfig = .editorconfig
		README.md = README.md
	EndProjectSection
EndProject
Project("{9A19103F-16F7-4668-BE54-9A1E7A4F7556}") = "Funda.Web.Api", "Funda.Web.Api\Funda.Web.Api.csproj", "{853EC56D-C33A-444E-A189-107647616726}"
EndProject
Project("{9A19103F-16F7-4668-BE54-9A1E7A4F7556}") = "Funda.Core", "Funda.Core\Funda.Core.csproj", "{04AA3F32-4AAB-454F-BF45-77AA3A11EF14}"
EndProject
Project("{9A19103F-16F7-4668-BE54-9A1E7A4F7556}") = "Funda.ApiClient.Abstractions", "Funda.ApiClient.Abstractions\Funda.ApiClient.Abstractions.csproj", "{C73FBDB2-08FF-4859-8BC2-769281EB96D2}"
EndProject
Project("{9A19103F-16F7-4668-BE54-9A1E7A4F7556}") = "Funda.Common.CQRS", "Funda.Common.CQRS\Funda.Common.CQRS.csproj", "{50C9DB8C-7B29-4AB7-BA0E-8763972D63AF}"
EndProject
Project("{9A19103F-16F7-4668-BE54-9A1E7A4F7556}") = "Funda.Common.CQRS.Abstractions", "Funda.Common.CQRS.Abstractions\Funda.Common.CQRS.Abstractions.csproj", "{190789E7-36D3-445D-9B36-47C0430FE253}"
EndProject
Project("{9A19103F-16F7-4668-BE54-9A1E7A4F7556}") = "Funda.ApiClient.Http", "Funda.ApiClient.Http\Funda.ApiClient.Http.csproj", "{E817B95C-E1A7-40EC-8ED1-397A8D4DE919}"
EndProject
Project("{9A19103F-16F7-4668-BE54-9A1E7A4F7556}") = "Funda.ApiClient.Wcf", "Funda.ApiClient.Wcf\Funda.ApiClient.Wcf.csproj", "{4F331EE6-E248-4B28-A1DC-87601ABC5AAC}"
EndProject
Project("{9A19103F-16F7-4668-BE54-9A1E7A4F7556}") = "Funda.Common", "Funda.Common\Funda.Common.csproj", "{F659165E-0EA0-49DA-95F0-B46B170157BF}"
EndProject
Project("{9A19103F-16F7-4668-BE54-9A1E7A4F7556}") = "Funda.Queue.Abstractions", "Funda.Queue.Abstractions\Funda.Queue.Abstractions.csproj", "{0CE12427-2F4B-4916-AABA-1660A43E8087}"
EndProject
Project("{9A19103F-16F7-4668-BE54-9A1E7A4F7556}") = "Funda.Queue.LiteQueue", "Funda.Queue.LiteQueue\Funda.Queue.LiteQueue.csproj", "{01E6A570-9F9F-4B76-9D62-43738AE426D8}"
EndProject
Project("{9A19103F-16F7-4668-BE54-9A1E7A4F7556}") = "Funda.Queue.Worker.Console", "Funda.Queue.Worker.Console\Funda.Queue.Worker.Console.csproj", "{6F3C49DC-9F83-4BE8-90A1-31A568321011}"
EndProject
Project("{9A19103F-16F7-4668-BE54-9A1E7A4F7556}") = "Funda.DocumentStore.Abstractions", "Funda.DocumentStore.Abstractions\Funda.DocumentStore.Abstractions.csproj", "{5F804961-13A3-4647-A954-47EAAD9F8B8C}"
EndProject
Project("{9A19103F-16F7-4668-BE54-9A1E7A4F7556}") = "Funda.DocumentStore.LiteDb", "Funda.DocumentStore.LiteDb\Funda.DocumentStore.LiteDb.csproj", "{59AD82A0-12F8-45C7-9F75-4E6279A24960}"
EndProject
Project("{9A19103F-16F7-4668-BE54-9A1E7A4F7556}") = "Funda.Web.Api.Consumer.Console", "Funda.Web.Api.Consumer.Console\Funda.Web.Api.Consumer.Console.csproj", "{CD337C3A-C308-4AED-B98A-1D21B9727B09}"
EndProject
Project("{FAE04EC0-301F-11D3-BF4B-00C04F79EFBC}") = "Funda.Common.Http", "Funda.Common.Http\Funda.Common.Http.csproj", "{179CF5DB-214B-4504-8398-8BD5670AA4A8}"
EndProject
Project("{2150E333-8FDC-42A3-9474-1A3956D46DE8}") = "EntryPoints", "EntryPoints", "{3AFA5E0F-D596-4301-84A1-E04708CB0AB4}"
EndProject
Global
	GlobalSection(SolutionConfigurationPlatforms) = preSolution
		Debug|Any CPU = Debug|Any CPU
		Release|Any CPU = Release|Any CPU
	EndGlobalSection
	GlobalSection(ProjectConfigurationPlatforms) = postSolution
		{853EC56D-C33A-444E-A189-107647616726}.Debug|Any CPU.ActiveCfg = Debug|Any CPU
		{853EC56D-C33A-444E-A189-107647616726}.Debug|Any CPU.Build.0 = Debug|Any CPU
		{853EC56D-C33A-444E-A189-107647616726}.Release|Any CPU.ActiveCfg = Release|Any CPU
		{853EC56D-C33A-444E-A189-107647616726}.Release|Any CPU.Build.0 = Release|Any CPU
		{04AA3F32-4AAB-454F-BF45-77AA3A11EF14}.Debug|Any CPU.ActiveCfg = Debug|Any CPU
		{04AA3F32-4AAB-454F-BF45-77AA3A11EF14}.Debug|Any CPU.Build.0 = Debug|Any CPU
		{04AA3F32-4AAB-454F-BF45-77AA3A11EF14}.Release|Any CPU.ActiveCfg = Release|Any CPU
		{04AA3F32-4AAB-454F-BF45-77AA3A11EF14}.Release|Any CPU.Build.0 = Release|Any CPU
		{C73FBDB2-08FF-4859-8BC2-769281EB96D2}.Debug|Any CPU.ActiveCfg = Debug|Any CPU
		{C73FBDB2-08FF-4859-8BC2-769281EB96D2}.Debug|Any CPU.Build.0 = Debug|Any CPU
		{C73FBDB2-08FF-4859-8BC2-769281EB96D2}.Release|Any CPU.ActiveCfg = Release|Any CPU
		{C73FBDB2-08FF-4859-8BC2-769281EB96D2}.Release|Any CPU.Build.0 = Release|Any CPU
		{50C9DB8C-7B29-4AB7-BA0E-8763972D63AF}.Debug|Any CPU.ActiveCfg = Debug|Any CPU
		{50C9DB8C-7B29-4AB7-BA0E-8763972D63AF}.Debug|Any CPU.Build.0 = Debug|Any CPU
		{50C9DB8C-7B29-4AB7-BA0E-8763972D63AF}.Release|Any CPU.ActiveCfg = Release|Any CPU
		{50C9DB8C-7B29-4AB7-BA0E-8763972D63AF}.Release|Any CPU.Build.0 = Release|Any CPU
		{190789E7-36D3-445D-9B36-47C0430FE253}.Debug|Any CPU.ActiveCfg = Debug|Any CPU
		{190789E7-36D3-445D-9B36-47C0430FE253}.Debug|Any CPU.Build.0 = Debug|Any CPU
		{190789E7-36D3-445D-9B36-47C0430FE253}.Release|Any CPU.ActiveCfg = Release|Any CPU
		{190789E7-36D3-445D-9B36-47C0430FE253}.Release|Any CPU.Build.0 = Release|Any CPU
		{E817B95C-E1A7-40EC-8ED1-397A8D4DE919}.Debug|Any CPU.ActiveCfg = Debug|Any CPU
		{E817B95C-E1A7-40EC-8ED1-397A8D4DE919}.Debug|Any CPU.Build.0 = Debug|Any CPU
		{E817B95C-E1A7-40EC-8ED1-397A8D4DE919}.Release|Any CPU.ActiveCfg = Release|Any CPU
		{E817B95C-E1A7-40EC-8ED1-397A8D4DE919}.Release|Any CPU.Build.0 = Release|Any CPU
		{4F331EE6-E248-4B28-A1DC-87601ABC5AAC}.Debug|Any CPU.ActiveCfg = Debug|Any CPU
		{4F331EE6-E248-4B28-A1DC-87601ABC5AAC}.Debug|Any CPU.Build.0 = Debug|Any CPU
		{4F331EE6-E248-4B28-A1DC-87601ABC5AAC}.Release|Any CPU.ActiveCfg = Release|Any CPU
		{4F331EE6-E248-4B28-A1DC-87601ABC5AAC}.Release|Any CPU.Build.0 = Release|Any CPU
		{F659165E-0EA0-49DA-95F0-B46B170157BF}.Debug|Any CPU.ActiveCfg = Debug|Any CPU
		{F659165E-0EA0-49DA-95F0-B46B170157BF}.Debug|Any CPU.Build.0 = Debug|Any CPU
		{F659165E-0EA0-49DA-95F0-B46B170157BF}.Release|Any CPU.ActiveCfg = Release|Any CPU
		{F659165E-0EA0-49DA-95F0-B46B170157BF}.Release|Any CPU.Build.0 = Release|Any CPU
		{0CE12427-2F4B-4916-AABA-1660A43E8087}.Debug|Any CPU.ActiveCfg = Debug|Any CPU
		{0CE12427-2F4B-4916-AABA-1660A43E8087}.Debug|Any CPU.Build.0 = Debug|Any CPU
		{0CE12427-2F4B-4916-AABA-1660A43E8087}.Release|Any CPU.ActiveCfg = Release|Any CPU
		{0CE12427-2F4B-4916-AABA-1660A43E8087}.Release|Any CPU.Build.0 = Release|Any CPU
		{01E6A570-9F9F-4B76-9D62-43738AE426D8}.Debug|Any CPU.ActiveCfg = Debug|Any CPU
		{01E6A570-9F9F-4B76-9D62-43738AE426D8}.Debug|Any CPU.Build.0 = Debug|Any CPU
		{01E6A570-9F9F-4B76-9D62-43738AE426D8}.Release|Any CPU.ActiveCfg = Release|Any CPU
		{01E6A570-9F9F-4B76-9D62-43738AE426D8}.Release|Any CPU.Build.0 = Release|Any CPU
		{6F3C49DC-9F83-4BE8-90A1-31A568321011}.Debug|Any CPU.ActiveCfg = Debug|Any CPU
		{6F3C49DC-9F83-4BE8-90A1-31A568321011}.Debug|Any CPU.Build.0 = Debug|Any CPU
		{6F3C49DC-9F83-4BE8-90A1-31A568321011}.Release|Any CPU.ActiveCfg = Release|Any CPU
		{6F3C49DC-9F83-4BE8-90A1-31A568321011}.Release|Any CPU.Build.0 = Release|Any CPU
		{5F804961-13A3-4647-A954-47EAAD9F8B8C}.Debug|Any CPU.ActiveCfg = Debug|Any CPU
		{5F804961-13A3-4647-A954-47EAAD9F8B8C}.Debug|Any CPU.Build.0 = Debug|Any CPU
		{5F804961-13A3-4647-A954-47EAAD9F8B8C}.Release|Any CPU.ActiveCfg = Release|Any CPU
		{5F804961-13A3-4647-A954-47EAAD9F8B8C}.Release|Any CPU.Build.0 = Release|Any CPU
		{59AD82A0-12F8-45C7-9F75-4E6279A24960}.Debug|Any CPU.ActiveCfg = Debug|Any CPU
		{59AD82A0-12F8-45C7-9F75-4E6279A24960}.Debug|Any CPU.Build.0 = Debug|Any CPU
		{59AD82A0-12F8-45C7-9F75-4E6279A24960}.Release|Any CPU.ActiveCfg = Release|Any CPU
		{59AD82A0-12F8-45C7-9F75-4E6279A24960}.Release|Any CPU.Build.0 = Release|Any CPU
		{CD337C3A-C308-4AED-B98A-1D21B9727B09}.Debug|Any CPU.ActiveCfg = Debug|Any CPU
		{CD337C3A-C308-4AED-B98A-1D21B9727B09}.Debug|Any CPU.Build.0 = Debug|Any CPU
		{CD337C3A-C308-4AED-B98A-1D21B9727B09}.Release|Any CPU.ActiveCfg = Release|Any CPU
		{CD337C3A-C308-4AED-B98A-1D21B9727B09}.Release|Any CPU.Build.0 = Release|Any CPU
		{179CF5DB-214B-4504-8398-8BD5670AA4A8}.Debug|Any CPU.ActiveCfg = Debug|Any CPU
		{179CF5DB-214B-4504-8398-8BD5670AA4A8}.Debug|Any CPU.Build.0 = Debug|Any CPU
		{179CF5DB-214B-4504-8398-8BD5670AA4A8}.Release|Any CPU.ActiveCfg = Release|Any CPU
		{179CF5DB-214B-4504-8398-8BD5670AA4A8}.Release|Any CPU.Build.0 = Release|Any CPU
	EndGlobalSection
	GlobalSection(SolutionProperties) = preSolution
		HideSolutionNode = FALSE
	EndGlobalSection
	GlobalSection(NestedProjects) = preSolution
		{853EC56D-C33A-444E-A189-107647616726} = {3AFA5E0F-D596-4301-84A1-E04708CB0AB4}
		{6F3C49DC-9F83-4BE8-90A1-31A568321011} = {3AFA5E0F-D596-4301-84A1-E04708CB0AB4}
		{CD337C3A-C308-4AED-B98A-1D21B9727B09} = {3AFA5E0F-D596-4301-84A1-E04708CB0AB4}
	EndGlobalSection
	GlobalSection(ExtensibilityGlobals) = postSolution
		SolutionGuid = {F6DA27A4-3F63-46E9-BBC5-BAEDF38A8B02}
	EndGlobalSection
EndGlobal
